// !$*UTF8*$!
{
	archiveVersion = 1;
	classes = {
	};
	objectVersion = 48;
	objects = {

/* Begin PBXBuildFile section */
		4DBBE956823B50F570169563 /* Pods_FoodLabTests.framework in Frameworks */ = {isa = PBXBuildFile; fileRef = E299A82D54E89549890E116A /* Pods_FoodLabTests.framework */; };
		7158739ED95F6F8F2265AF86 /* Pods_FoodLabUITests.framework in Frameworks */ = {isa = PBXBuildFile; fileRef = 3C57458C98D1E04BC8DDA1B6 /* Pods_FoodLabUITests.framework */; };
		A0F96AC3B26183388586CCA8 /* Pods_FoodLab.framework in Frameworks */ = {isa = PBXBuildFile; fileRef = 75ECFEC7C6F01ACBC82EA557 /* Pods_FoodLab.framework */; };
		AA3644962059E34200E960E7 /* Alamofire.framework in Frameworks */ = {isa = PBXBuildFile; fileRef = AA3644972059E34200E960E7 /* Alamofire.framework */; settings = {ATTRIBUTES = (Required, ); }; };
		AA68FBE32058BEC400034F30 /* AppDelegate.swift in Sources */ = {isa = PBXBuildFile; fileRef = AA68FBE22058BEC400034F30 /* AppDelegate.swift */; };
		AA68FBE52058BEC400034F30 /* ViewController.swift in Sources */ = {isa = PBXBuildFile; fileRef = AA68FBE42058BEC400034F30 /* ViewController.swift */; };
		AA68FBE82058BEC400034F30 /* Main.storyboard in Resources */ = {isa = PBXBuildFile; fileRef = AA68FBE62058BEC400034F30 /* Main.storyboard */; };
		AA68FBEA2058BEC400034F30 /* Assets.xcassets in Resources */ = {isa = PBXBuildFile; fileRef = AA68FBE92058BEC400034F30 /* Assets.xcassets */; };
		AA68FBED2058BEC400034F30 /* LaunchScreen.storyboard in Resources */ = {isa = PBXBuildFile; fileRef = AA68FBEB2058BEC400034F30 /* LaunchScreen.storyboard */; };
		AA68FBF82058BEC400034F30 /* FoodLabTests.swift in Sources */ = {isa = PBXBuildFile; fileRef = AA68FBF72058BEC400034F30 /* FoodLabTests.swift */; };
		AA68FC032058BEC400034F30 /* FoodLabUITests.swift in Sources */ = {isa = PBXBuildFile; fileRef = AA68FC022058BEC400034F30 /* FoodLabUITests.swift */; };
		AAB716A92059E713000F2ACF /* SwiftyJSON.framework in Frameworks */ = {isa = PBXBuildFile; fileRef = AAB716AA2059E713000F2ACF /* SwiftyJSON.framework */; };
		AAC62A61206B2E37000FCB82 /* SecondViewController.swift in Sources */ = {isa = PBXBuildFile; fileRef = AAC62A60206B2E37000FCB82 /* SecondViewController.swift */; };
		D85BFF63208401D5002494D6 /* GoogleService-Info.plist in Resources */ = {isa = PBXBuildFile; fileRef = D85BFF62208401D5002494D6 /* GoogleService-Info.plist */; };
		D85BFF6520842705002494D6 /* RecipeCell.swift in Sources */ = {isa = PBXBuildFile; fileRef = D85BFF6420842705002494D6 /* RecipeCell.swift */; };
		D88313E220870A99007B3783 /* DetailViewController.swift in Sources */ = {isa = PBXBuildFile; fileRef = D88313E120870A99007B3783 /* DetailViewController.swift */; };
/* End PBXBuildFile section */

/* Begin PBXContainerItemProxy section */
		AA68FBF42058BEC400034F30 /* PBXContainerItemProxy */ = {
			isa = PBXContainerItemProxy;
			containerPortal = AA68FBD72058BEC400034F30 /* Project object */;
			proxyType = 1;
			remoteGlobalIDString = AA68FBDE2058BEC400034F30;
			remoteInfo = FoodLab;
		};
		AA68FBFF2058BEC400034F30 /* PBXContainerItemProxy */ = {
			isa = PBXContainerItemProxy;
			containerPortal = AA68FBD72058BEC400034F30 /* Project object */;
			proxyType = 1;
			remoteGlobalIDString = AA68FBDE2058BEC400034F30;
			remoteInfo = FoodLab;
		};
/* End PBXContainerItemProxy section */

/* Begin PBXFileReference section */
		22B7CC83F6EB94CF96DC8D2D /* Pods-FoodLabTests.debug.xcconfig */ = {isa = PBXFileReference; includeInIndex = 1; lastKnownFileType = text.xcconfig; name = "Pods-FoodLabTests.debug.xcconfig"; path = "Pods/Target Support Files/Pods-FoodLabTests/Pods-FoodLabTests.debug.xcconfig"; sourceTree = "<group>"; };
		30FFEA1DF989FC3EC8448AC6 /* Pods-FoodLab.debug.xcconfig */ = {isa = PBXFileReference; includeInIndex = 1; lastKnownFileType = text.xcconfig; name = "Pods-FoodLab.debug.xcconfig"; path = "Pods/Target Support Files/Pods-FoodLab/Pods-FoodLab.debug.xcconfig"; sourceTree = "<group>"; };
		3C57458C98D1E04BC8DDA1B6 /* Pods_FoodLabUITests.framework */ = {isa = PBXFileReference; explicitFileType = wrapper.framework; includeInIndex = 0; path = Pods_FoodLabUITests.framework; sourceTree = BUILT_PRODUCTS_DIR; };
		6F138FC5C45975D4AF9D31A8 /* Pods-FoodLabTests.release.xcconfig */ = {isa = PBXFileReference; includeInIndex = 1; lastKnownFileType = text.xcconfig; name = "Pods-FoodLabTests.release.xcconfig"; path = "Pods/Target Support Files/Pods-FoodLabTests/Pods-FoodLabTests.release.xcconfig"; sourceTree = "<group>"; };
		75ECFEC7C6F01ACBC82EA557 /* Pods_FoodLab.framework */ = {isa = PBXFileReference; explicitFileType = wrapper.framework; includeInIndex = 0; path = Pods_FoodLab.framework; sourceTree = BUILT_PRODUCTS_DIR; };
		AA3644972059E34200E960E7 /* Alamofire.framework */ = {isa = PBXFileReference; explicitFileType = wrapper.framework; path = Alamofire.framework; sourceTree = BUILT_PRODUCTS_DIR; };
		AA66F948205B4FC900A65DB5 /* XCTest.framework */ = {isa = PBXFileReference; lastKnownFileType = wrapper.framework; name = XCTest.framework; path = Platforms/iPhoneOS.platform/Developer/Library/Frameworks/XCTest.framework; sourceTree = DEVELOPER_DIR; };
		AA68FBDF2058BEC400034F30 /* FoodLab.app */ = {isa = PBXFileReference; explicitFileType = wrapper.application; includeInIndex = 0; path = FoodLab.app; sourceTree = BUILT_PRODUCTS_DIR; };
		AA68FBE22058BEC400034F30 /* AppDelegate.swift */ = {isa = PBXFileReference; lastKnownFileType = sourcecode.swift; path = AppDelegate.swift; sourceTree = "<group>"; };
		AA68FBE42058BEC400034F30 /* ViewController.swift */ = {isa = PBXFileReference; lastKnownFileType = sourcecode.swift; path = ViewController.swift; sourceTree = "<group>"; };
		AA68FBE72058BEC400034F30 /* Base */ = {isa = PBXFileReference; lastKnownFileType = file.storyboard; name = Base; path = Base.lproj/Main.storyboard; sourceTree = "<group>"; };
		AA68FBE92058BEC400034F30 /* Assets.xcassets */ = {isa = PBXFileReference; lastKnownFileType = folder.assetcatalog; path = Assets.xcassets; sourceTree = "<group>"; };
		AA68FBEC2058BEC400034F30 /* Base */ = {isa = PBXFileReference; lastKnownFileType = file.storyboard; name = Base; path = Base.lproj/LaunchScreen.storyboard; sourceTree = "<group>"; };
		AA68FBEE2058BEC400034F30 /* Info.plist */ = {isa = PBXFileReference; lastKnownFileType = text.plist.xml; path = Info.plist; sourceTree = "<group>"; };
		AA68FBF32058BEC400034F30 /* FoodLabTests.xctest */ = {isa = PBXFileReference; explicitFileType = wrapper.cfbundle; includeInIndex = 0; path = FoodLabTests.xctest; sourceTree = BUILT_PRODUCTS_DIR; };
		AA68FBF72058BEC400034F30 /* FoodLabTests.swift */ = {isa = PBXFileReference; lastKnownFileType = sourcecode.swift; path = FoodLabTests.swift; sourceTree = "<group>"; };
		AA68FBF92058BEC400034F30 /* Info.plist */ = {isa = PBXFileReference; lastKnownFileType = text.plist.xml; path = Info.plist; sourceTree = "<group>"; };
		AA68FBFE2058BEC400034F30 /* FoodLabUITests.xctest */ = {isa = PBXFileReference; explicitFileType = wrapper.cfbundle; includeInIndex = 0; path = FoodLabUITests.xctest; sourceTree = BUILT_PRODUCTS_DIR; };
		AA68FC022058BEC400034F30 /* FoodLabUITests.swift */ = {isa = PBXFileReference; lastKnownFileType = sourcecode.swift; path = FoodLabUITests.swift; sourceTree = "<group>"; };
		AA68FC042058BEC400034F30 /* Info.plist */ = {isa = PBXFileReference; lastKnownFileType = text.plist.xml; path = Info.plist; sourceTree = "<group>"; };
		AAB716AA2059E713000F2ACF /* SwiftyJSON.framework */ = {isa = PBXFileReference; explicitFileType = wrapper.framework; path = SwiftyJSON.framework; sourceTree = BUILT_PRODUCTS_DIR; };
		AAC62A60206B2E37000FCB82 /* SecondViewController.swift */ = {isa = PBXFileReference; lastKnownFileType = sourcecode.swift; path = SecondViewController.swift; sourceTree = "<group>"; };
		AAD9993920648EFA0089CB73 /* FoodLab-Bridging-Header.h */ = {isa = PBXFileReference; lastKnownFileType = sourcecode.c.h; path = "FoodLab-Bridging-Header.h"; sourceTree = "<group>"; };
		B8E281E6A3D20F78B1AFB2D6 /* Pods-FoodLabUITests.release.xcconfig */ = {isa = PBXFileReference; includeInIndex = 1; lastKnownFileType = text.xcconfig; name = "Pods-FoodLabUITests.release.xcconfig"; path = "Pods/Target Support Files/Pods-FoodLabUITests/Pods-FoodLabUITests.release.xcconfig"; sourceTree = "<group>"; };
		C49A4F9299977F81AEEA74DE /* Pods-FoodLab.release.xcconfig */ = {isa = PBXFileReference; includeInIndex = 1; lastKnownFileType = text.xcconfig; name = "Pods-FoodLab.release.xcconfig"; path = "Pods/Target Support Files/Pods-FoodLab/Pods-FoodLab.release.xcconfig"; sourceTree = "<group>"; };
		D85BFF62208401D5002494D6 /* GoogleService-Info.plist */ = {isa = PBXFileReference; fileEncoding = 4; lastKnownFileType = text.plist.xml; name = "GoogleService-Info.plist"; path = "../../../Downloads/GoogleService-Info.plist"; sourceTree = "<group>"; };
		D85BFF6420842705002494D6 /* RecipeCell.swift */ = {isa = PBXFileReference; lastKnownFileType = sourcecode.swift; path = RecipeCell.swift; sourceTree = "<group>"; };
		D88313E120870A99007B3783 /* DetailViewController.swift */ = {isa = PBXFileReference; lastKnownFileType = sourcecode.swift; path = DetailViewController.swift; sourceTree = "<group>"; };
		E299A82D54E89549890E116A /* Pods_FoodLabTests.framework */ = {isa = PBXFileReference; explicitFileType = wrapper.framework; includeInIndex = 0; path = Pods_FoodLabTests.framework; sourceTree = BUILT_PRODUCTS_DIR; };
		ECBDF7755EC5C3F630CDBB9E /* Pods-FoodLabUITests.debug.xcconfig */ = {isa = PBXFileReference; includeInIndex = 1; lastKnownFileType = text.xcconfig; name = "Pods-FoodLabUITests.debug.xcconfig"; path = "Pods/Target Support Files/Pods-FoodLabUITests/Pods-FoodLabUITests.debug.xcconfig"; sourceTree = "<group>"; };
/* End PBXFileReference section */

/* Begin PBXFrameworksBuildPhase section */
		AA68FBDC2058BEC400034F30 /* Frameworks */ = {
			isa = PBXFrameworksBuildPhase;
			buildActionMask = 2147483647;
			files = (
				AAB716A92059E713000F2ACF /* SwiftyJSON.framework in Frameworks */,
				AA3644962059E34200E960E7 /* Alamofire.framework in Frameworks */,
				A0F96AC3B26183388586CCA8 /* Pods_FoodLab.framework in Frameworks */,
			);
			runOnlyForDeploymentPostprocessing = 0;
		};
		AA68FBF02058BEC400034F30 /* Frameworks */ = {
			isa = PBXFrameworksBuildPhase;
			buildActionMask = 2147483647;
			files = (
				4DBBE956823B50F570169563 /* Pods_FoodLabTests.framework in Frameworks */,
			);
			runOnlyForDeploymentPostprocessing = 0;
		};
		AA68FBFB2058BEC400034F30 /* Frameworks */ = {
			isa = PBXFrameworksBuildPhase;
			buildActionMask = 2147483647;
			files = (
				7158739ED95F6F8F2265AF86 /* Pods_FoodLabUITests.framework in Frameworks */,
			);
			runOnlyForDeploymentPostprocessing = 0;
		};
/* End PBXFrameworksBuildPhase section */

/* Begin PBXGroup section */
		7613B0FFAAF74F3EDAE23350 /* Pods */ = {
			isa = PBXGroup;
			children = (
				30FFEA1DF989FC3EC8448AC6 /* Pods-FoodLab.debug.xcconfig */,
				C49A4F9299977F81AEEA74DE /* Pods-FoodLab.release.xcconfig */,
				22B7CC83F6EB94CF96DC8D2D /* Pods-FoodLabTests.debug.xcconfig */,
				6F138FC5C45975D4AF9D31A8 /* Pods-FoodLabTests.release.xcconfig */,
				ECBDF7755EC5C3F630CDBB9E /* Pods-FoodLabUITests.debug.xcconfig */,
				B8E281E6A3D20F78B1AFB2D6 /* Pods-FoodLabUITests.release.xcconfig */,
			);
			name = Pods;
			sourceTree = "<group>";
		};
		7A0F3C83CBA236F46C856AF9 /* Frameworks */ = {
			isa = PBXGroup;
			children = (
				AA66F948205B4FC900A65DB5 /* XCTest.framework */,
				AAB716AA2059E713000F2ACF /* SwiftyJSON.framework */,
				AA3644972059E34200E960E7 /* Alamofire.framework */,
				75ECFEC7C6F01ACBC82EA557 /* Pods_FoodLab.framework */,
				E299A82D54E89549890E116A /* Pods_FoodLabTests.framework */,
				3C57458C98D1E04BC8DDA1B6 /* Pods_FoodLabUITests.framework */,
			);
			name = Frameworks;
			sourceTree = "<group>";
		};
		AA68FBD62058BEC400034F30 = {
			isa = PBXGroup;
			children = (
				AA68FBE12058BEC400034F30 /* FoodLab */,
				AA68FBF62058BEC400034F30 /* FoodLabTests */,
				AA68FC012058BEC400034F30 /* FoodLabUITests */,
				AA68FBE02058BEC400034F30 /* Products */,
				7613B0FFAAF74F3EDAE23350 /* Pods */,
				7A0F3C83CBA236F46C856AF9 /* Frameworks */,
			);
			sourceTree = "<group>";
		};
		AA68FBE02058BEC400034F30 /* Products */ = {
			isa = PBXGroup;
			children = (
				AA68FBDF2058BEC400034F30 /* FoodLab.app */,
				AA68FBF32058BEC400034F30 /* FoodLabTests.xctest */,
				AA68FBFE2058BEC400034F30 /* FoodLabUITests.xctest */,
			);
			name = Products;
			sourceTree = "<group>";
		};
		AA68FBE12058BEC400034F30 /* FoodLab */ = {
			isa = PBXGroup;
			children = (
				AA68FBE62058BEC400034F30 /* Main.storyboard */,
				D88313E120870A99007B3783 /* DetailViewController.swift */,
				D85BFF62208401D5002494D6 /* GoogleService-Info.plist */,
				AA68FBE22058BEC400034F30 /* AppDelegate.swift */,
				AA68FBE42058BEC400034F30 /* ViewController.swift */,
				AAC62A60206B2E37000FCB82 /* SecondViewController.swift */,
				AA68FBE92058BEC400034F30 /* Assets.xcassets */,
				AA68FBEB2058BEC400034F30 /* LaunchScreen.storyboard */,
				AA68FBEE2058BEC400034F30 /* Info.plist */,
				AAD9993920648EFA0089CB73 /* FoodLab-Bridging-Header.h */,
				D85BFF6420842705002494D6 /* RecipeCell.swift */,
			);
			path = FoodLab;
			sourceTree = "<group>";
		};
		AA68FBF62058BEC400034F30 /* FoodLabTests */ = {
			isa = PBXGroup;
			children = (
				AA68FBF72058BEC400034F30 /* FoodLabTests.swift */,
				AA68FBF92058BEC400034F30 /* Info.plist */,
			);
			path = FoodLabTests;
			sourceTree = "<group>";
		};
		AA68FC012058BEC400034F30 /* FoodLabUITests */ = {
			isa = PBXGroup;
			children = (
				AA68FC022058BEC400034F30 /* FoodLabUITests.swift */,
				AA68FC042058BEC400034F30 /* Info.plist */,
			);
			path = FoodLabUITests;
			sourceTree = "<group>";
		};
/* End PBXGroup section */

/* Begin PBXNativeTarget section */
		AA68FBDE2058BEC400034F30 /* FoodLab */ = {
			isa = PBXNativeTarget;
			buildConfigurationList = AA68FC072058BEC400034F30 /* Build configuration list for PBXNativeTarget "FoodLab" */;
			buildPhases = (
				8041DFBF5130670D598CD450 /* [CP] Check Pods Manifest.lock */,
				AA68FBDB2058BEC400034F30 /* Sources */,
				AA68FBDC2058BEC400034F30 /* Frameworks */,
				AA68FBDD2058BEC400034F30 /* Resources */,
				45C6DEB3F64E3029F6A859D0 /* [CP] Embed Pods Frameworks */,
				EA4C734A59BE72D4D9D856D9 /* [CP] Copy Pods Resources */,
			);
			buildRules = (
			);
			dependencies = (
			);
			name = FoodLab;
			productName = FoodLab;
			productReference = AA68FBDF2058BEC400034F30 /* FoodLab.app */;
			productType = "com.apple.product-type.application";
		};
		AA68FBF22058BEC400034F30 /* FoodLabTests */ = {
			isa = PBXNativeTarget;
			buildConfigurationList = AA68FC0A2058BEC400034F30 /* Build configuration list for PBXNativeTarget "FoodLabTests" */;
			buildPhases = (
				123F00E9D42AC8814E873F62 /* [CP] Check Pods Manifest.lock */,
				AA68FBEF2058BEC400034F30 /* Sources */,
				AA68FBF02058BEC400034F30 /* Frameworks */,
				AA68FBF12058BEC400034F30 /* Resources */,
				075325421F5349DBC73B488E /* [CP] Embed Pods Frameworks */,
				4A8B292B8D879511B1F88ED0 /* [CP] Copy Pods Resources */,
			);
			buildRules = (
			);
			dependencies = (
				AA68FBF52058BEC400034F30 /* PBXTargetDependency */,
			);
			name = FoodLabTests;
			productName = FoodLabTests;
			productReference = AA68FBF32058BEC400034F30 /* FoodLabTests.xctest */;
			productType = "com.apple.product-type.bundle.unit-test";
		};
		AA68FBFD2058BEC400034F30 /* FoodLabUITests */ = {
			isa = PBXNativeTarget;
			buildConfigurationList = AA68FC0D2058BEC400034F30 /* Build configuration list for PBXNativeTarget "FoodLabUITests" */;
			buildPhases = (
				A0A8AB545BBE8F47F64A5B15 /* [CP] Check Pods Manifest.lock */,
				AA68FBFA2058BEC400034F30 /* Sources */,
				AA68FBFB2058BEC400034F30 /* Frameworks */,
				AA68FBFC2058BEC400034F30 /* Resources */,
				DFD876D0FF14C2D4EF097BD9 /* [CP] Embed Pods Frameworks */,
				AC567F4B64269ECFCE54A758 /* [CP] Copy Pods Resources */,
			);
			buildRules = (
			);
			dependencies = (
				AA68FC002058BEC400034F30 /* PBXTargetDependency */,
			);
			name = FoodLabUITests;
			productName = FoodLabUITests;
			productReference = AA68FBFE2058BEC400034F30 /* FoodLabUITests.xctest */;
			productType = "com.apple.product-type.bundle.ui-testing";
		};
/* End PBXNativeTarget section */

/* Begin PBXProject section */
		AA68FBD72058BEC400034F30 /* Project object */ = {
			isa = PBXProject;
			attributes = {
				LastSwiftUpdateCheck = 0920;
				LastUpgradeCheck = 0920;
				ORGANIZATIONNAME = "Francisco Hernanedez";
				TargetAttributes = {
					AA68FBDE2058BEC400034F30 = {
						CreatedOnToolsVersion = 9.2;
						LastSwiftMigration = 0920;
						ProvisioningStyle = Automatic;
					};
					AA68FBF22058BEC400034F30 = {
						CreatedOnToolsVersion = 9.2;
						ProvisioningStyle = Automatic;
						TestTargetID = AA68FBDE2058BEC400034F30;
					};
					AA68FBFD2058BEC400034F30 = {
						CreatedOnToolsVersion = 9.2;
						ProvisioningStyle = Automatic;
						TestTargetID = AA68FBDE2058BEC400034F30;
					};
				};
			};
			buildConfigurationList = AA68FBDA2058BEC400034F30 /* Build configuration list for PBXProject "FoodLab" */;
			compatibilityVersion = "Xcode 8.0";
			developmentRegion = en;
			hasScannedForEncodings = 0;
			knownRegions = (
				en,
				Base,
			);
			mainGroup = AA68FBD62058BEC400034F30;
			productRefGroup = AA68FBE02058BEC400034F30 /* Products */;
			projectDirPath = "";
			projectRoot = "";
			targets = (
				AA68FBDE2058BEC400034F30 /* FoodLab */,
				AA68FBF22058BEC400034F30 /* FoodLabTests */,
				AA68FBFD2058BEC400034F30 /* FoodLabUITests */,
			);
		};
/* End PBXProject section */

/* Begin PBXResourcesBuildPhase section */
		AA68FBDD2058BEC400034F30 /* Resources */ = {
			isa = PBXResourcesBuildPhase;
			buildActionMask = 2147483647;
			files = (
				AA68FBED2058BEC400034F30 /* LaunchScreen.storyboard in Resources */,
				D85BFF63208401D5002494D6 /* GoogleService-Info.plist in Resources */,
				AA68FBEA2058BEC400034F30 /* Assets.xcassets in Resources */,
				AA68FBE82058BEC400034F30 /* Main.storyboard in Resources */,
			);
			runOnlyForDeploymentPostprocessing = 0;
		};
		AA68FBF12058BEC400034F30 /* Resources */ = {
			isa = PBXResourcesBuildPhase;
			buildActionMask = 2147483647;
			files = (
			);
			runOnlyForDeploymentPostprocessing = 0;
		};
		AA68FBFC2058BEC400034F30 /* Resources */ = {
			isa = PBXResourcesBuildPhase;
			buildActionMask = 2147483647;
			files = (
			);
			runOnlyForDeploymentPostprocessing = 0;
		};
/* End PBXResourcesBuildPhase section */

/* Begin PBXShellScriptBuildPhase section */
		075325421F5349DBC73B488E /* [CP] Embed Pods Frameworks */ = {
			isa = PBXShellScriptBuildPhase;
			buildActionMask = 2147483647;
			files = (
			);
			inputPaths = (
				"${SRCROOT}/Pods/Target Support Files/Pods-FoodLabTests/Pods-FoodLabTests-frameworks.sh",
				"${BUILT_PRODUCTS_DIR}/SwiftKeychainWrapper/SwiftKeychainWrapper.framework",
			);
			name = "[CP] Embed Pods Frameworks";
			outputPaths = (
				"${TARGET_BUILD_DIR}/${FRAMEWORKS_FOLDER_PATH}/SwiftKeychainWrapper.framework",
			);
			runOnlyForDeploymentPostprocessing = 0;
			shellPath = /bin/sh;
			shellScript = "\"${SRCROOT}/Pods/Target Support Files/Pods-FoodLabTests/Pods-FoodLabTests-frameworks.sh\"\n";
			showEnvVarsInLog = 0;
		};
		123F00E9D42AC8814E873F62 /* [CP] Check Pods Manifest.lock */ = {
			isa = PBXShellScriptBuildPhase;
			buildActionMask = 2147483647;
			files = (
			);
			inputPaths = (
				"${PODS_PODFILE_DIR_PATH}/Podfile.lock",
				"${PODS_ROOT}/Manifest.lock",
			);
			name = "[CP] Check Pods Manifest.lock";
			outputPaths = (
				"$(DERIVED_FILE_DIR)/Pods-FoodLabTests-checkManifestLockResult.txt",
			);
			runOnlyForDeploymentPostprocessing = 0;
			shellPath = /bin/sh;
			shellScript = "diff \"${PODS_PODFILE_DIR_PATH}/Podfile.lock\" \"${PODS_ROOT}/Manifest.lock\" > /dev/null\nif [ $? != 0 ] ; then\n    # print error to STDERR\n    echo \"error: The sandbox is not in sync with the Podfile.lock. Run 'pod install' or update your CocoaPods installation.\" >&2\n    exit 1\nfi\n# This output is used by Xcode 'outputs' to avoid re-running this script phase.\necho \"SUCCESS\" > \"${SCRIPT_OUTPUT_FILE_0}\"\n";
			showEnvVarsInLog = 0;
		};
		45C6DEB3F64E3029F6A859D0 /* [CP] Embed Pods Frameworks */ = {
			isa = PBXShellScriptBuildPhase;
			buildActionMask = 2147483647;
			files = (
			);
			inputPaths = (
				"${SRCROOT}/Pods/Target Support Files/Pods-FoodLab/Pods-FoodLab-frameworks.sh",
				"${BUILT_PRODUCTS_DIR}/Alamofire/Alamofire.framework",
				"${BUILT_PRODUCTS_DIR}/AlamofireImage/AlamofireImage.framework",
				"${BUILT_PRODUCTS_DIR}/Bolts/Bolts.framework",
				"${BUILT_PRODUCTS_DIR}/FBSDKCoreKit/FBSDKCoreKit.framework",
				"${BUILT_PRODUCTS_DIR}/FBSDKLoginKit/FBSDKLoginKit.framework",
				"${BUILT_PRODUCTS_DIR}/FacebookCore/FacebookCore.framework",
				"${BUILT_PRODUCTS_DIR}/FacebookLogin/FacebookLogin.framework",
				"${BUILT_PRODUCTS_DIR}/GTMSessionFetcher/GTMSessionFetcher.framework",
				"${BUILT_PRODUCTS_DIR}/GoogleToolboxForMac/GoogleToolboxForMac.framework",
				"${BUILT_PRODUCTS_DIR}/SwiftKeychainWrapper/SwiftKeychainWrapper.framework",
				"${BUILT_PRODUCTS_DIR}/SwiftyJSON/SwiftyJSON.framework",
				"${BUILT_PRODUCTS_DIR}/nanopb/nanopb.framework",
			);
			name = "[CP] Embed Pods Frameworks";
			outputPaths = (
				"${TARGET_BUILD_DIR}/${FRAMEWORKS_FOLDER_PATH}/Alamofire.framework",
				"${TARGET_BUILD_DIR}/${FRAMEWORKS_FOLDER_PATH}/AlamofireImage.framework",
				"${TARGET_BUILD_DIR}/${FRAMEWORKS_FOLDER_PATH}/Bolts.framework",
				"${TARGET_BUILD_DIR}/${FRAMEWORKS_FOLDER_PATH}/FBSDKCoreKit.framework",
				"${TARGET_BUILD_DIR}/${FRAMEWORKS_FOLDER_PATH}/FBSDKLoginKit.framework",
				"${TARGET_BUILD_DIR}/${FRAMEWORKS_FOLDER_PATH}/FacebookCore.framework",
				"${TARGET_BUILD_DIR}/${FRAMEWORKS_FOLDER_PATH}/FacebookLogin.framework",
				"${TARGET_BUILD_DIR}/${FRAMEWORKS_FOLDER_PATH}/GTMSessionFetcher.framework",
				"${TARGET_BUILD_DIR}/${FRAMEWORKS_FOLDER_PATH}/GoogleToolboxForMac.framework",
				"${TARGET_BUILD_DIR}/${FRAMEWORKS_FOLDER_PATH}/SwiftKeychainWrapper.framework",
				"${TARGET_BUILD_DIR}/${FRAMEWORKS_FOLDER_PATH}/SwiftyJSON.framework",
				"${TARGET_BUILD_DIR}/${FRAMEWORKS_FOLDER_PATH}/nanopb.framework",
			);
			runOnlyForDeploymentPostprocessing = 0;
			shellPath = /bin/sh;
			shellScript = "\"${SRCROOT}/Pods/Target Support Files/Pods-FoodLab/Pods-FoodLab-frameworks.sh\"\n";
			showEnvVarsInLog = 0;
		};
		4A8B292B8D879511B1F88ED0 /* [CP] Copy Pods Resources */ = {
			isa = PBXShellScriptBuildPhase;
			buildActionMask = 2147483647;
			files = (
			);
			inputPaths = (
			);
			name = "[CP] Copy Pods Resources";
			outputPaths = (
			);
			runOnlyForDeploymentPostprocessing = 0;
			shellPath = /bin/sh;
			shellScript = "\"${SRCROOT}/Pods/Target Support Files/Pods-FoodLabTests/Pods-FoodLabTests-resources.sh\"\n";
			showEnvVarsInLog = 0;
		};
		8041DFBF5130670D598CD450 /* [CP] Check Pods Manifest.lock */ = {
			isa = PBXShellScriptBuildPhase;
			buildActionMask = 2147483647;
			files = (
			);
			inputPaths = (
				"${PODS_PODFILE_DIR_PATH}/Podfile.lock",
				"${PODS_ROOT}/Manifest.lock",
			);
			name = "[CP] Check Pods Manifest.lock";
			outputPaths = (
				"$(DERIVED_FILE_DIR)/Pods-FoodLab-checkManifestLockResult.txt",
			);
			runOnlyForDeploymentPostprocessing = 0;
			shellPath = /bin/sh;
			shellScript = "diff \"${PODS_PODFILE_DIR_PATH}/Podfile.lock\" \"${PODS_ROOT}/Manifest.lock\" > /dev/null\nif [ $? != 0 ] ; then\n    # print error to STDERR\n    echo \"error: The sandbox is not in sync with the Podfile.lock. Run 'pod install' or update your CocoaPods installation.\" >&2\n    exit 1\nfi\n# This output is used by Xcode 'outputs' to avoid re-running this script phase.\necho \"SUCCESS\" > \"${SCRIPT_OUTPUT_FILE_0}\"\n";
			showEnvVarsInLog = 0;
		};
		A0A8AB545BBE8F47F64A5B15 /* [CP] Check Pods Manifest.lock */ = {
			isa = PBXShellScriptBuildPhase;
			buildActionMask = 2147483647;
			files = (
			);
			inputPaths = (
				"${PODS_PODFILE_DIR_PATH}/Podfile.lock",
				"${PODS_ROOT}/Manifest.lock",
			);
			name = "[CP] Check Pods Manifest.lock";
			outputPaths = (
				"$(DERIVED_FILE_DIR)/Pods-FoodLabUITests-checkManifestLockResult.txt",
			);
			runOnlyForDeploymentPostprocessing = 0;
			shellPath = /bin/sh;
			shellScript = "diff \"${PODS_PODFILE_DIR_PATH}/Podfile.lock\" \"${PODS_ROOT}/Manifest.lock\" > /dev/null\nif [ $? != 0 ] ; then\n    # print error to STDERR\n    echo \"error: The sandbox is not in sync with the Podfile.lock. Run 'pod install' or update your CocoaPods installation.\" >&2\n    exit 1\nfi\n# This output is used by Xcode 'outputs' to avoid re-running this script phase.\necho \"SUCCESS\" > \"${SCRIPT_OUTPUT_FILE_0}\"\n";
			showEnvVarsInLog = 0;
		};
		AC567F4B64269ECFCE54A758 /* [CP] Copy Pods Resources */ = {
			isa = PBXShellScriptBuildPhase;
			buildActionMask = 2147483647;
			files = (
			);
			inputPaths = (
			);
			name = "[CP] Copy Pods Resources";
			outputPaths = (
			);
			runOnlyForDeploymentPostprocessing = 0;
			shellPath = /bin/sh;
			shellScript = "\"${SRCROOT}/Pods/Target Support Files/Pods-FoodLabUITests/Pods-FoodLabUITests-resources.sh\"\n";
			showEnvVarsInLog = 0;
		};
		DFD876D0FF14C2D4EF097BD9 /* [CP] Embed Pods Frameworks */ = {
			isa = PBXShellScriptBuildPhase;
			buildActionMask = 2147483647;
			files = (
			);
			inputPaths = (
				"${SRCROOT}/Pods/Target Support Files/Pods-FoodLabUITests/Pods-FoodLabUITests-frameworks.sh",
				"${BUILT_PRODUCTS_DIR}/Alamofire/Alamofire.framework",
			);
			name = "[CP] Embed Pods Frameworks";
			outputPaths = (
				"${TARGET_BUILD_DIR}/${FRAMEWORKS_FOLDER_PATH}/Alamofire.framework",
			);
			runOnlyForDeploymentPostprocessing = 0;
			shellPath = /bin/sh;
			shellScript = "\"${SRCROOT}/Pods/Target Support Files/Pods-FoodLabUITests/Pods-FoodLabUITests-frameworks.sh\"\n";
			showEnvVarsInLog = 0;
		};
		EA4C734A59BE72D4D9D856D9 /* [CP] Copy Pods Resources */ = {
			isa = PBXShellScriptBuildPhase;
			buildActionMask = 2147483647;
			files = (
			);
			inputPaths = (
				"${SRCROOT}/Pods/Target Support Files/Pods-FoodLab/Pods-FoodLab-resources.sh",
				"${PODS_ROOT}/GoogleAuthUtilities/Frameworks/frameworks/GoogleAuthUtilities.framework/Resources/GTMOAuth2ViewTouch.xib",
				"${PODS_ROOT}/GoogleSignIn/Resources/GoogleSignIn.bundle",
			);
			name = "[CP] Copy Pods Resources";
			outputPaths = (
				"${TARGET_BUILD_DIR}/${UNLOCALIZED_RESOURCES_FOLDER_PATH}/GTMOAuth2ViewTouch.nib",
				"${TARGET_BUILD_DIR}/${UNLOCALIZED_RESOURCES_FOLDER_PATH}/GoogleSignIn.bundle",
			);
			runOnlyForDeploymentPostprocessing = 0;
			shellPath = /bin/sh;
			shellScript = "\"${SRCROOT}/Pods/Target Support Files/Pods-FoodLab/Pods-FoodLab-resources.sh\"\n";
			showEnvVarsInLog = 0;
		};
/* End PBXShellScriptBuildPhase section */

/* Begin PBXSourcesBuildPhase section */
		AA68FBDB2058BEC400034F30 /* Sources */ = {
			isa = PBXSourcesBuildPhase;
			buildActionMask = 2147483647;
			files = (
				AAC62A61206B2E37000FCB82 /* SecondViewController.swift in Sources */,
				AA68FBE52058BEC400034F30 /* ViewController.swift in Sources */,
				D88313E220870A99007B3783 /* DetailViewController.swift in Sources */,
				AA68FBE32058BEC400034F30 /* AppDelegate.swift in Sources */,
				D85BFF6520842705002494D6 /* RecipeCell.swift in Sources */,
			);
			runOnlyForDeploymentPostprocessing = 0;
		};
		AA68FBEF2058BEC400034F30 /* Sources */ = {
			isa = PBXSourcesBuildPhase;
			buildActionMask = 2147483647;
			files = (
				AA68FBF82058BEC400034F30 /* FoodLabTests.swift in Sources */,
			);
			runOnlyForDeploymentPostprocessing = 0;
		};
		AA68FBFA2058BEC400034F30 /* Sources */ = {
			isa = PBXSourcesBuildPhase;
			buildActionMask = 2147483647;
			files = (
				AA68FC032058BEC400034F30 /* FoodLabUITests.swift in Sources */,
			);
			runOnlyForDeploymentPostprocessing = 0;
		};
/* End PBXSourcesBuildPhase section */

/* Begin PBXTargetDependency section */
		AA68FBF52058BEC400034F30 /* PBXTargetDependency */ = {
			isa = PBXTargetDependency;
			target = AA68FBDE2058BEC400034F30 /* FoodLab */;
			targetProxy = AA68FBF42058BEC400034F30 /* PBXContainerItemProxy */;
		};
		AA68FC002058BEC400034F30 /* PBXTargetDependency */ = {
			isa = PBXTargetDependency;
			target = AA68FBDE2058BEC400034F30 /* FoodLab */;
			targetProxy = AA68FBFF2058BEC400034F30 /* PBXContainerItemProxy */;
		};
/* End PBXTargetDependency section */

/* Begin PBXVariantGroup section */
		AA68FBE62058BEC400034F30 /* Main.storyboard */ = {
			isa = PBXVariantGroup;
			children = (
				AA68FBE72058BEC400034F30 /* Base */,
			);
			name = Main.storyboard;
			sourceTree = "<group>";
		};
		AA68FBEB2058BEC400034F30 /* LaunchScreen.storyboard */ = {
			isa = PBXVariantGroup;
			children = (
				AA68FBEC2058BEC400034F30 /* Base */,
			);
			name = LaunchScreen.storyboard;
			sourceTree = "<group>";
		};
/* End PBXVariantGroup section */

/* Begin XCBuildConfiguration section */
		AA68FC052058BEC400034F30 /* Debug */ = {
			isa = XCBuildConfiguration;
			buildSettings = {
				ALWAYS_SEARCH_USER_PATHS = NO;
				CLANG_ANALYZER_NONNULL = YES;
				CLANG_ANALYZER_NUMBER_OBJECT_CONVERSION = YES_AGGRESSIVE;
				CLANG_CXX_LANGUAGE_STANDARD = "gnu++14";
				CLANG_CXX_LIBRARY = "libc++";
				CLANG_ENABLE_MODULES = YES;
				CLANG_ENABLE_OBJC_ARC = YES;
				CLANG_WARN_BLOCK_CAPTURE_AUTORELEASING = YES;
				CLANG_WARN_BOOL_CONVERSION = YES;
				CLANG_WARN_COMMA = YES;
				CLANG_WARN_CONSTANT_CONVERSION = YES;
				CLANG_WARN_DIRECT_OBJC_ISA_USAGE = YES_ERROR;
				CLANG_WARN_DOCUMENTATION_COMMENTS = YES;
				CLANG_WARN_EMPTY_BODY = YES;
				CLANG_WARN_ENUM_CONVERSION = YES;
				CLANG_WARN_INFINITE_RECURSION = YES;
				CLANG_WARN_INT_CONVERSION = YES;
				CLANG_WARN_NON_LITERAL_NULL_CONVERSION = YES;
				CLANG_WARN_OBJC_LITERAL_CONVERSION = YES;
				CLANG_WARN_OBJC_ROOT_CLASS = YES_ERROR;
				CLANG_WARN_RANGE_LOOP_ANALYSIS = YES;
				CLANG_WARN_STRICT_PROTOTYPES = YES;
				CLANG_WARN_SUSPICIOUS_MOVE = YES;
				CLANG_WARN_UNGUARDED_AVAILABILITY = YES_AGGRESSIVE;
				CLANG_WARN_UNREACHABLE_CODE = YES;
				CLANG_WARN__DUPLICATE_METHOD_MATCH = YES;
				CODE_SIGN_IDENTITY = "iPhone Developer";
				COPY_PHASE_STRIP = NO;
				DEBUG_INFORMATION_FORMAT = dwarf;
				ENABLE_STRICT_OBJC_MSGSEND = YES;
				ENABLE_TESTABILITY = YES;
				GCC_C_LANGUAGE_STANDARD = gnu11;
				GCC_DYNAMIC_NO_PIC = NO;
				GCC_NO_COMMON_BLOCKS = YES;
				GCC_OPTIMIZATION_LEVEL = 0;
				GCC_PREPROCESSOR_DEFINITIONS = (
					"DEBUG=1",
					"$(inherited)",
				);
				GCC_WARN_64_TO_32_BIT_CONVERSION = YES;
				GCC_WARN_ABOUT_RETURN_TYPE = YES_ERROR;
				GCC_WARN_UNDECLARED_SELECTOR = YES;
				GCC_WARN_UNINITIALIZED_AUTOS = YES_AGGRESSIVE;
				GCC_WARN_UNUSED_FUNCTION = YES;
				GCC_WARN_UNUSED_VARIABLE = YES;
				IPHONEOS_DEPLOYMENT_TARGET = 11.0;
				MTL_ENABLE_DEBUG_INFO = YES;
				ONLY_ACTIVE_ARCH = YES;
				SDKROOT = iphoneos;
				SWIFT_ACTIVE_COMPILATION_CONDITIONS = DEBUG;
				SWIFT_OPTIMIZATION_LEVEL = "-Onone";
			};
			name = Debug;
		};
		AA68FC062058BEC400034F30 /* Release */ = {
			isa = XCBuildConfiguration;
			buildSettings = {
				ALWAYS_SEARCH_USER_PATHS = NO;
				CLANG_ANALYZER_NONNULL = YES;
				CLANG_ANALYZER_NUMBER_OBJECT_CONVERSION = YES_AGGRESSIVE;
				CLANG_CXX_LANGUAGE_STANDARD = "gnu++14";
				CLANG_CXX_LIBRARY = "libc++";
				CLANG_ENABLE_MODULES = YES;
				CLANG_ENABLE_OBJC_ARC = YES;
				CLANG_WARN_BLOCK_CAPTURE_AUTORELEASING = YES;
				CLANG_WARN_BOOL_CONVERSION = YES;
				CLANG_WARN_COMMA = YES;
				CLANG_WARN_CONSTANT_CONVERSION = YES;
				CLANG_WARN_DIRECT_OBJC_ISA_USAGE = YES_ERROR;
				CLANG_WARN_DOCUMENTATION_COMMENTS = YES;
				CLANG_WARN_EMPTY_BODY = YES;
				CLANG_WARN_ENUM_CONVERSION = YES;
				CLANG_WARN_INFINITE_RECURSION = YES;
				CLANG_WARN_INT_CONVERSION = YES;
				CLANG_WARN_NON_LITERAL_NULL_CONVERSION = YES;
				CLANG_WARN_OBJC_LITERAL_CONVERSION = YES;
				CLANG_WARN_OBJC_ROOT_CLASS = YES_ERROR;
				CLANG_WARN_RANGE_LOOP_ANALYSIS = YES;
				CLANG_WARN_STRICT_PROTOTYPES = YES;
				CLANG_WARN_SUSPICIOUS_MOVE = YES;
				CLANG_WARN_UNGUARDED_AVAILABILITY = YES_AGGRESSIVE;
				CLANG_WARN_UNREACHABLE_CODE = YES;
				CLANG_WARN__DUPLICATE_METHOD_MATCH = YES;
				CODE_SIGN_IDENTITY = "iPhone Developer";
				COPY_PHASE_STRIP = NO;
				DEBUG_INFORMATION_FORMAT = "dwarf-with-dsym";
				ENABLE_NS_ASSERTIONS = NO;
				ENABLE_STRICT_OBJC_MSGSEND = YES;
				GCC_C_LANGUAGE_STANDARD = gnu11;
				GCC_NO_COMMON_BLOCKS = YES;
				GCC_WARN_64_TO_32_BIT_CONVERSION = YES;
				GCC_WARN_ABOUT_RETURN_TYPE = YES_ERROR;
				GCC_WARN_UNDECLARED_SELECTOR = YES;
				GCC_WARN_UNINITIALIZED_AUTOS = YES_AGGRESSIVE;
				GCC_WARN_UNUSED_FUNCTION = YES;
				GCC_WARN_UNUSED_VARIABLE = YES;
				IPHONEOS_DEPLOYMENT_TARGET = 11.0;
				MTL_ENABLE_DEBUG_INFO = NO;
				SDKROOT = iphoneos;
				SWIFT_OPTIMIZATION_LEVEL = "-Owholemodule";
				VALIDATE_PRODUCT = YES;
			};
			name = Release;
		};
		AA68FC082058BEC400034F30 /* Debug */ = {
			isa = XCBuildConfiguration;
			baseConfigurationReference = 30FFEA1DF989FC3EC8448AC6 /* Pods-FoodLab.debug.xcconfig */;
			buildSettings = {
				ASSETCATALOG_COMPILER_APPICON_NAME = AppIcon;
				CLANG_ENABLE_MODULES = YES;
				CODE_SIGN_STYLE = Automatic;
				DEVELOPMENT_TEAM = 966D857F3T;
				INFOPLIST_FILE = FoodLab/Info.plist;
				IPHONEOS_DEPLOYMENT_TARGET = 11.0;
				LD_RUNPATH_SEARCH_PATHS = "$(inherited) @executable_path/Frameworks";
				PRODUCT_BUNDLE_IDENTIFIER = Cisco.FoodLab;
				PRODUCT_NAME = "$(TARGET_NAME)";
				SWIFT_OBJC_BRIDGING_HEADER = "FoodLab/FoodLab-Bridging-Header.h";
				SWIFT_OPTIMIZATION_LEVEL = "-Onone";
				SWIFT_VERSION = 4.0;
				TARGETED_DEVICE_FAMILY = "1,2";
			};
			name = Debug;
		};
		AA68FC092058BEC400034F30 /* Release */ = {
			isa = XCBuildConfiguration;
			baseConfigurationReference = C49A4F9299977F81AEEA74DE /* Pods-FoodLab.release.xcconfig */;
			buildSettings = {
				ASSETCATALOG_COMPILER_APPICON_NAME = AppIcon;
				CLANG_ENABLE_MODULES = YES;
				CODE_SIGN_STYLE = Automatic;
				DEVELOPMENT_TEAM = 966D857F3T;
				INFOPLIST_FILE = FoodLab/Info.plist;
				IPHONEOS_DEPLOYMENT_TARGET = 11.0;
				LD_RUNPATH_SEARCH_PATHS = "$(inherited) @executable_path/Frameworks";
				PRODUCT_BUNDLE_IDENTIFIER = Cisco.FoodLab;
				PRODUCT_NAME = "$(TARGET_NAME)";
				SWIFT_OBJC_BRIDGING_HEADER = "FoodLab/FoodLab-Bridging-Header.h";
				SWIFT_VERSION = 4.0;
				TARGETED_DEVICE_FAMILY = "1,2";
			};
			name = Release;
		};
		AA68FC0B2058BEC400034F30 /* Debug */ = {
			isa = XCBuildConfiguration;
			baseConfigurationReference = 22B7CC83F6EB94CF96DC8D2D /* Pods-FoodLabTests.debug.xcconfig */;
			buildSettings = {
				ALWAYS_EMBED_SWIFT_STANDARD_LIBRARIES = YES;
				BUNDLE_LOADER = "$(TEST_HOST)";
				CODE_SIGN_STYLE = Automatic;
				INFOPLIST_FILE = FoodLabTests/Info.plist;
				LD_RUNPATH_SEARCH_PATHS = "$(inherited) @executable_path/Frameworks @loader_path/Frameworks";
				PRODUCT_BUNDLE_IDENTIFIER = Cisco.FoodLabTests;
				PRODUCT_NAME = "$(TARGET_NAME)";
				SWIFT_VERSION = 4.0;
				TARGETED_DEVICE_FAMILY = "1,2";
				TEST_HOST = "$(BUILT_PRODUCTS_DIR)/FoodLab.app/FoodLab";
			};
			name = Debug;
		};
		AA68FC0C2058BEC400034F30 /* Release */ = {
			isa = XCBuildConfiguration;
			baseConfigurationReference = 6F138FC5C45975D4AF9D31A8 /* Pods-FoodLabTests.release.xcconfig */;
			buildSettings = {
				ALWAYS_EMBED_SWIFT_STANDARD_LIBRARIES = YES;
				BUNDLE_LOADER = "$(TEST_HOST)";
				CODE_SIGN_STYLE = Automatic;
				INFOPLIST_FILE = FoodLabTests/Info.plist;
				LD_RUNPATH_SEARCH_PATHS = "$(inherited) @executable_path/Frameworks @loader_path/Frameworks";
				PRODUCT_BUNDLE_IDENTIFIER = Cisco.FoodLabTests;
				PRODUCT_NAME = "$(TARGET_NAME)";
				SWIFT_VERSION = 4.0;
				TARGETED_DEVICE_FAMILY = "1,2";
				TEST_HOST = "$(BUILT_PRODUCTS_DIR)/FoodLab.app/FoodLab";
			};
			name = Release;
		};
		AA68FC0E2058BEC400034F30 /* Debug */ = {
			isa = XCBuildConfiguration;
			baseConfigurationReference = ECBDF7755EC5C3F630CDBB9E /* Pods-FoodLabUITests.debug.xcconfig */;
			buildSettings = {
				ALWAYS_EMBED_SWIFT_STANDARD_LIBRARIES = YES;
				CODE_SIGN_STYLE = Automatic;
				INFOPLIST_FILE = FoodLabUITests/Info.plist;
				LD_RUNPATH_SEARCH_PATHS = "$(inherited) @executable_path/Frameworks @loader_path/Frameworks";
				PRODUCT_BUNDLE_IDENTIFIER = Cisco.FoodLabUITests;
				PRODUCT_NAME = "$(TARGET_NAME)";
				SWIFT_VERSION = 4.0;
				TARGETED_DEVICE_FAMILY = "1,2";
				TEST_TARGET_NAME = FoodLab;
			};
			name = Debug;
		};
		AA68FC0F2058BEC400034F30 /* Release */ = {
			isa = XCBuildConfiguration;
			baseConfigurationReference = B8E281E6A3D20F78B1AFB2D6 /* Pods-FoodLabUITests.release.xcconfig */;
			buildSettings = {
				ALWAYS_EMBED_SWIFT_STANDARD_LIBRARIES = YES;
				CODE_SIGN_STYLE = Automatic;
				INFOPLIST_FILE = FoodLabUITests/Info.plist;
				LD_RUNPATH_SEARCH_PATHS = "$(inherited) @executable_path/Frameworks @loader_path/Frameworks";
				PRODUCT_BUNDLE_IDENTIFIER = Cisco.FoodLabUITests;
				PRODUCT_NAME = "$(TARGET_NAME)";
				SWIFT_VERSION = 4.0;
				TARGETED_DEVICE_FAMILY = "1,2";
				TEST_TARGET_NAME = FoodLab;
			};
			name = Release;
		};
/* End XCBuildConfiguration section */

/* Begin XCConfigurationList section */
		AA68FBDA2058BEC400034F30 /* Build configuration list for PBXProject "FoodLab" */ = {
			isa = XCConfigurationList;
			buildConfigurations = (
				AA68FC052058BEC400034F30 /* Debug */,
				AA68FC062058BEC400034F30 /* Release */,
			);
			defaultConfigurationIsVisible = 0;
			defaultConfigurationName = Release;
		};
		AA68FC072058BEC400034F30 /* Build configuration list for PBXNativeTarget "FoodLab" */ = {
			isa = XCConfigurationList;
			buildConfigurations = (
				AA68FC082058BEC400034F30 /* Debug */,
				AA68FC092058BEC400034F30 /* Release */,
			);
			defaultConfigurationIsVisible = 0;
			defaultConfigurationName = Release;
		};
		AA68FC0A2058BEC400034F30 /* Build configuration list for PBXNativeTarget "FoodLabTests" */ = {
			isa = XCConfigurationList;
			buildConfigurations = (
				AA68FC0B2058BEC400034F30 /* Debug */,
				AA68FC0C2058BEC400034F30 /* Release */,
			);
			defaultConfigurationIsVisible = 0;
			defaultConfigurationName = Release;
		};
		AA68FC0D2058BEC400034F30 /* Build configuration list for PBXNativeTarget "FoodLabUITests" */ = {
			isa = XCConfigurationList;
			buildConfigurations = (
				AA68FC0E2058BEC400034F30 /* Debug */,
				AA68FC0F2058BEC400034F30 /* Release */,
			);
			defaultConfigurationIsVisible = 0;
			defaultConfigurationName = Release;
		};
/* End XCConfigurationList section */
	};
	rootObject = AA68FBD72058BEC400034F30 /* Project object */;
}
